{
  "name": "agent-runners",
  "version": "0.1.0",
  "lockfileVersion": 3,
  "requires": true,
  "packages": {
    "": {
      "name": "agent-runners",
      "version": "0.1.0",
      "dependencies": {
        "@cline/cli": "^0.0.13-nightly.1778505471"
      }
    },
    "node_modules/@cline/cli": {
      "version": "0.0.13-nightly.1778505471",
      "resolved": "https://registry.npmjs.org/@cline/cli/-/cli-0.0.13-nightly.1778505471.tgz",
      "integrity": "sha512-EMIioVmj+5DnvTHs8D/4wzzuWms2Bzz9yl+HdZAkbndQ46UoRhZRFqwa2BbJvSvIeKUmzWNud8Bj+2PvXXiqKw==",
      "hasInstallScript": true,
      "license": "Apache-2.0",
      "bin": {
        "clite": "bin/clite"
      },
      "optionalDependencies": {
        "@cline/cli-darwin-arm64": "0.0.13-nightly.1778505471",
        "@cline/cli-darwin-x64": "0.0.13-nightly.1778505471",
        "@cline/cli-linux-arm64": "0.0.13-nightly.1778505471",
        "@cline/cli-linux-x64": "0.0.13-nightly.1778505471",
        "@cline/cli-windows-arm64": "0.0.13-nightly.1778505471",
        "@cline/cli-windows-x64": "0.0.13-nightly.1778505471"
      }
    },
    "node_modules/@cline/cli-darwin-arm64": {
      "version": "0.0.13-nightly.1778505471",
      "resolved": "https://registry.npmjs.org/@cline/cli-darwin-arm64/-/cli-darwin-arm64-0.0.13-nightly.1778505471.tgz",
      "integrity": "sha512-drOzWoRzoEvc61dLxCZ0tDM6zxXpvrBXS/q1O5a6moyrKLq1dNKFv4jfalAQ1OVgsx5adRYOCFLRdM697vcOpw==",
      "cpu": [
        "arm64"
      ],
      "optional": true,
      "os": [
        "darwin"
      ],
      "bin": {
        "clite": "bin/clite"
      }
    },
    "node_modules/@cline/cli-darwin-x64": {
      "version": "0.0.13-nightly.1778505471",
      "resolved": "https://registry.npmjs.org/@cline/cli-darwin-x64/-/cli-darwin-x64-0.0.13-nightly.1778505471.tgz",
      "integrity": "sha512-Ts+260QJNoIiVwpvr5WwdvB0blxwMI2oVfOVD+AwSh9S/XqCZM+U3y0QVpeSiyPSmuXrd7Bl+MDuhZ9gaTlfgg==",
      "cpu": [
        "x64"
      ],
      "optional": true,
      "os": [
        "darwin"
      ],
      "bin": {
        "clite": "bin/clite"
      }
    },
    "node_modules/@cline/cli-linux-arm64": {
      "version": "0.0.13-nightly.1778505471",
      "resolved": "https://registry.npmjs.org/@cline/cli-linux-arm64/-/cli-linux-arm64-0.0.13-nightly.1778505471.tgz",
      "integrity": "sha512-bAywh7c3gK11fPiJKWDYfpCT9sgbl+78OHgpJhLzbUixn+cTAIkWHBsUukA9Vhwtc24crWtn5jWujgwDajro/g==",
      "cpu": [
        "arm64"
      ],
      "optional": true,
      "os": [
        "linux"
      ],
      "bin": {
        "clite": "bin/clite"
      }
    },
    "node_modules/@cline/cli-linux-x64": {
      "version": "0.0.13-nightly.1778505471",
      "resolved": "https://registry.npmjs.org/@cline/cli-linux-x64/-/cli-linux-x64-0.0.13-nightly.1778505471.tgz",
      "integrity": "sha512-oCP8iCh60iTyGV4TDeYrm10VQucqjIWSOfWLL/VNn63nVs0UnWY6FZmHFYXx+7dvHhfvwlEPALAtrCEHYVTXUQ==",
      "cpu": [
        "x64"
      ],
      "optional": true,
      "os": [
        "linux"
      ],
      "bin": {
        "clite": "bin/clite"
      }
    },
    "node_modules/@cline/cli-windows-arm64": {
      "version": "0.0.13-nightly.1778505471",
      "resolved": "https://registry.npmjs.org/@cline/cli-windows-arm64/-/cli-windows-arm64-0.0.13-nightly.1778505471.tgz",
      "integrity": "sha512-NSkrj/vr/Pi45qgz1q1mXbRv0fOoyG+VsDdQBStixPLetNxCLhw3Dhd9SzWUKy9vkUMDuZWReM0SeMu7YL5Q5A==",
      "cpu": [
        "arm64"
      ],
      "optional": true,
      "os": [
        "win32"
      ],
      "bin": {
        "clite": "bin/clite.exe"
      }
    },
    "node_modules/@cline/cli-windows-x64": {
      "version": "0.0.13-nightly.1778505471",
      "resolved": "https://registry.npmjs.org/@cline/cli-windows-x64/-/cli-windows-x64-0.0.13-nightly.1778505471.tgz",
      "integrity": "sha512-h4jQoTlg0ktqj6Ifk6oMkhzXMP/2hhq3VzIDzribAFDzF6oxVHPQPfkBcGKLb79XEm00yjMK5ERWmju8c4BCpA==",
      "cpu": [
        "x64"
      ],
      "optional": true,
      "os": [
        "win32"
      ],
      "bin": {
        "clite": "bin/clite.exe"
      }
    }
  }
}
